
Microsoft Visual Studio Solution File, Format Version 12.00
# Visual Studio 15
VisualStudioVersion = 15.0.27004.2009
MinimumVisualStudioVersion = 10.0.40219.1
Project("{FAE04EC0-301F-11D3-BF4B-00C04F79EFBC}") = "taskApplication", "taskApplication\taskApplication.csproj", "{18676D7F-8826-4463-AF92-6C8C50E97B90}"
EndProject
Project("{FAE04EC0-301F-11D3-BF4B-00C04F79EFBC}") = "Task.Common", "Task.Common\Task.Common.csproj", "{5B0F0600-04F6-495A-8B7F-89D2A9630076}"
EndProject
Project("{FAE04EC0-301F-11D3-BF4B-00C04F79EFBC}") = "taskAPI", "taskAPI\taskAPI.csproj", "{AED5CEC4-C763-4A8D-8F84-A555BF7E4109}"
EndProject
Global
	GlobalSection(SolutionConfigurationPlatforms) = preSolution
		Debug|Any CPU = Debug|Any CPU
		Release|Any CPU = Release|Any CPU
	EndGlobalSection
	GlobalSection(ProjectConfigurationPlatforms) = postSolution
		{18676D7F-8826-4463-AF92-6C8C50E97B90}.Debug|Any CPU.ActiveCfg = Debug|Any CPU
		{18676D7F-8826-4463-AF92-6C8C50E97B90}.Debug|Any CPU.Build.0 = Debug|Any CPU
		{18676D7F-8826-4463-AF92-6C8C50E97B90}.Release|Any CPU.ActiveCfg = Release|Any CPU
		{18676D7F-8826-4463-AF92-6C8C50E97B90}.Release|Any CPU.Build.0 = Release|Any CPU
		{5B0F0600-04F6-495A-8B7F-89D2A9630076}.Debug|Any CPU.ActiveCfg = Debug|Any CPU
		{5B0F0600-04F6-495A-8B7F-89D2A9630076}.Debug|Any CPU.Build.0 = Debug|Any CPU
		{5B0F0600-04F6-495A-8B7F-89D2A9630076}.Release|Any CPU.ActiveCfg = Release|Any CPU
		{5B0F0600-04F6-495A-8B7F-89D2A9630076}.Release|Any CPU.Build.0 = Release|Any CPU
		{AED5CEC4-C763-4A8D-8F84-A555BF7E4109}.Debug|Any CPU.ActiveCfg = Debug|Any CPU
		{AED5CEC4-C763-4A8D-8F84-A555BF7E4109}.Debug|Any CPU.Build.0 = Debug|Any CPU
		{AED5CEC4-C763-4A8D-8F84-A555BF7E4109}.Release|Any CPU.ActiveCfg = Release|Any CPU
		{AED5CEC4-C763-4A8D-8F84-A555BF7E4109}.Release|Any CPU.Build.0 = Release|Any CPU
	EndGlobalSection
	GlobalSection(SolutionProperties) = preSolution
		HideSolutionNode = FALSE
	EndGlobalSection
	GlobalSection(ExtensibilityGlobals) = postSolution
		SolutionGuid = {580FA773-E253-4C65-A7CB-0C83FCC35AC5}
	EndGlobalSection
EndGlobal
